
Microsoft Visual Studio Solution File, Format Version 12.00
# Visual Studio 15
VisualStudioVersion = 15.0.28307.1500
MinimumVisualStudioVersion = 10.0.40219.1
Project("{FAE04EC0-301F-11D3-BF4B-00C04F79EFBC}") = "currencyExchange.Android", "currencyExchange\currencyExchange.Android\currencyExchange.Android.csproj", "{C02F3ED8-1FD2-45D2-B6CD-E5FA889B0DE3}"
EndProject
Project("{FAE04EC0-301F-11D3-BF4B-00C04F79EFBC}") = "currencyExchange.iOS", "currencyExchange\currencyExchange.iOS\currencyExchange.iOS.csproj", "{55442F37-F2AE-4FC6-8B13-CD24C21DB8EF}"
EndProject
Project("{FAE04EC0-301F-11D3-BF4B-00C04F79EFBC}") = "currencyExchange.UWP", "currencyExchange\currencyExchange.UWP\currencyExchange.UWP.csproj", "{AADD7777-9FB6-40A3-8753-FB46112ACDB8}"
EndProject
Project("{FAE04EC0-301F-11D3-BF4B-00C04F79EFBC}") = "currencyExchange", "currencyExchange\currencyExchange\currencyExchange.csproj", "{568AD727-338C-4465-9E16-EA5474D42609}"
EndProject
Global
	GlobalSection(SolutionConfigurationPlatforms) = preSolution
		Ad-Hoc|Any CPU = Ad-Hoc|Any CPU
		Ad-Hoc|ARM = Ad-Hoc|ARM
		Ad-Hoc|iPhone = Ad-Hoc|iPhone
		Ad-Hoc|iPhoneSimulator = Ad-Hoc|iPhoneSimulator
		Ad-Hoc|x64 = Ad-Hoc|x64
		Ad-Hoc|x86 = Ad-Hoc|x86
		AppStore|Any CPU = AppStore|Any CPU
		AppStore|ARM = AppStore|ARM
		AppStore|iPhone = AppStore|iPhone
		AppStore|iPhoneSimulator = AppStore|iPhoneSimulator
		AppStore|x64 = AppStore|x64
		AppStore|x86 = AppStore|x86
		Debug|Any CPU = Debug|Any CPU
		Debug|ARM = Debug|ARM
		Debug|iPhone = Debug|iPhone
		Debug|iPhoneSimulator = Debug|iPhoneSimulator
		Debug|x64 = Debug|x64
		Debug|x86 = Debug|x86
		Release|Any CPU = Release|Any CPU
		Release|ARM = Release|ARM
		Release|iPhone = Release|iPhone
		Release|iPhoneSimulator = Release|iPhoneSimulator
		Release|x64 = Release|x64
		Release|x86 = Release|x86
	EndGlobalSection
	GlobalSection(ProjectConfigurationPlatforms) = postSolution
		{C02F3ED8-1FD2-45D2-B6CD-E5FA889B0DE3}.Ad-Hoc|Any CPU.ActiveCfg = Release|Any CPU
		{C02F3ED8-1FD2-45D2-B6CD-E5FA889B0DE3}.Ad-Hoc|Any CPU.Build.0 = Release|Any CPU
		{C02F3ED8-1FD2-45D2-B6CD-E5FA889B0DE3}.Ad-Hoc|Any CPU.Deploy.0 = Release|Any CPU
		{C02F3ED8-1FD2-45D2-B6CD-E5FA889B0DE3}.Ad-Hoc|ARM.ActiveCfg = Release|Any CPU
		{C02F3ED8-1FD2-45D2-B6CD-E5FA889B0DE3}.Ad-Hoc|ARM.Build.0 = Release|Any CPU
		{C02F3ED8-1FD2-45D2-B6CD-E5FA889B0DE3}.Ad-Hoc|ARM.Deploy.0 = Release|Any CPU
		{C02F3ED8-1FD2-45D2-B6CD-E5FA889B0DE3}.Ad-Hoc|iPhone.ActiveCfg = Release|Any CPU
		{C02F3ED8-1FD2-45D2-B6CD-E5FA889B0DE3}.Ad-Hoc|iPhone.Build.0 = Release|Any CPU
		{C02F3ED8-1FD2-45D2-B6CD-E5FA889B0DE3}.Ad-Hoc|iPhone.Deploy.0 = Release|Any CPU
		{C02F3ED8-1FD2-45D2-B6CD-E5FA889B0DE3}.Ad-Hoc|iPhoneSimulator.ActiveCfg = Release|Any CPU
		{C02F3ED8-1FD2-45D2-B6CD-E5FA889B0DE3}.Ad-Hoc|iPhoneSimulator.Build.0 = Release|Any CPU
		{C02F3ED8-1FD2-45D2-B6CD-E5FA889B0DE3}.Ad-Hoc|iPhoneSimulator.Deploy.0 = Release|Any CPU
		{C02F3ED8-1FD2-45D2-B6CD-E5FA889B0DE3}.Ad-Hoc|x64.ActiveCfg = Release|Any CPU
		{C02F3ED8-1FD2-45D2-B6CD-E5FA889B0DE3}.Ad-Hoc|x64.Build.0 = Release|Any CPU
		{C02F3ED8-1FD2-45D2-B6CD-E5FA889B0DE3}.Ad-Hoc|x64.Deploy.0 = Release|Any CPU
		{C02F3ED8-1FD2-45D2-B6CD-E5FA889B0DE3}.Ad-Hoc|x86.ActiveCfg = Release|Any CPU
		{C02F3ED8-1FD2-45D2-B6CD-E5FA889B0DE3}.Ad-Hoc|x86.Build.0 = Release|Any CPU
		{C02F3ED8-1FD2-45D2-B6CD-E5FA889B0DE3}.Ad-Hoc|x86.Deploy.0 = Release|Any CPU
		{C02F3ED8-1FD2-45D2-B6CD-E5FA889B0DE3}.AppStore|Any CPU.ActiveCfg = Release|Any CPU
		{C02F3ED8-1FD2-45D2-B6CD-E5FA889B0DE3}.AppStore|Any CPU.Build.0 = Release|Any CPU
		{C02F3ED8-1FD2-45D2-B6CD-E5FA889B0DE3}.AppStore|Any CPU.Deploy.0 = Release|Any CPU
		{C02F3ED8-1FD2-45D2-B6CD-E5FA889B0DE3}.AppStore|ARM.ActiveCfg = Release|Any CPU
		{C02F3ED8-1FD2-45D2-B6CD-E5FA889B0DE3}.AppStore|ARM.Build.0 = Release|Any CPU
		{C02F3ED8-1FD2-45D2-B6CD-E5FA889B0DE3}.AppStore|ARM.Deploy.0 = Release|Any CPU
		{C02F3ED8-1FD2-45D2-B6CD-E5FA889B0DE3}.AppStore|iPhone.ActiveCfg = Release|Any CPU
		{C02F3ED8-1FD2-45D2-B6CD-E5FA889B0DE3}.AppStore|iPhone.Build.0 = Release|Any CPU
		{C02F3ED8-1FD2-45D2-B6CD-E5FA889B0DE3}.AppStore|iPhone.Deploy.0 = Release|Any CPU
		{C02F3ED8-1FD2-45D2-B6CD-E5FA889B0DE3}.AppStore|iPhoneSimulator.ActiveCfg = Release|Any CPU
		{C02F3ED8-1FD2-45D2-B6CD-E5FA889B0DE3}.AppStore|iPhoneSimulator.Build.0 = Release|Any CPU
		{C02F3ED8-1FD2-45D2-B6CD-E5FA889B0DE3}.AppStore|iPhoneSimulator.Deploy.0 = Release|Any CPU
		{C02F3ED8-1FD2-45D2-B6CD-E5FA889B0DE3}.AppStore|x64.ActiveCfg = Release|Any CPU
		{C02F3ED8-1FD2-45D2-B6CD-E5FA889B0DE3}.AppStore|x64.Build.0 = Release|Any CPU
		{C02F3ED8-1FD2-45D2-B6CD-E5FA889B0DE3}.AppStore|x64.Deploy.0 = Release|Any CPU
		{C02F3ED8-1FD2-45D2-B6CD-E5FA889B0DE3}.AppStore|x86.ActiveCfg = Release|Any CPU
		{C02F3ED8-1FD2-45D2-B6CD-E5FA889B0DE3}.AppStore|x86.Build.0 = Release|Any CPU
		{C02F3ED8-1FD2-45D2-B6CD-E5FA889B0DE3}.AppStore|x86.Deploy.0 = Release|Any CPU
		{C02F3ED8-1FD2-45D2-B6CD-E5FA889B0DE3}.Debug|Any CPU.ActiveCfg = Debug|Any CPU
		{C02F3ED8-1FD2-45D2-B6CD-E5FA889B0DE3}.Debug|Any CPU.Build.0 = Debug|Any CPU
		{C02F3ED8-1FD2-45D2-B6CD-E5FA889B0DE3}.Debug|Any CPU.Deploy.0 = Debug|Any CPU
		{C02F3ED8-1FD2-45D2-B6CD-E5FA889B0DE3}.Debug|ARM.ActiveCfg = Debug|Any CPU
		{C02F3ED8-1FD2-45D2-B6CD-E5FA889B0DE3}.Debug|ARM.Build.0 = Debug|Any CPU
		{C02F3ED8-1FD2-45D2-B6CD-E5FA889B0DE3}.Debug|ARM.Deploy.0 = Debug|Any CPU
		{C02F3ED8-1FD2-45D2-B6CD-E5FA889B0DE3}.Debug|iPhone.ActiveCfg = Debug|Any CPU
		{C02F3ED8-1FD2-45D2-B6CD-E5FA889B0DE3}.Debug|iPhone.Build.0 = Debug|Any CPU
		{C02F3ED8-1FD2-45D2-B6CD-E5FA889B0DE3}.Debug|iPhone.Deploy.0 = Debug|Any CPU
		{C02F3ED8-1FD2-45D2-B6CD-E5FA889B0DE3}.Debug|iPhoneSimulator.ActiveCfg = Debug|Any CPU
		{C02F3ED8-1FD2-45D2-B6CD-E5FA889B0DE3}.Debug|iPhoneSimulator.Build.0 = Debug|Any CPU
		{C02F3ED8-1FD2-45D2-B6CD-E5FA889B0DE3}.Debug|iPhoneSimulator.Deploy.0 = Debug|Any CPU
		{C02F3ED8-1FD2-45D2-B6CD-E5FA889B0DE3}.Debug|x64.ActiveCfg = Debug|Any CPU
		{C02F3ED8-1FD2-45D2-B6CD-E5FA889B0DE3}.Debug|x64.Build.0 = Debug|Any CPU
		{C02F3ED8-1FD2-45D2-B6CD-E5FA889B0DE3}.Debug|x64.Deploy.0 = Debug|Any CPU
		{C02F3ED8-1FD2-45D2-B6CD-E5FA889B0DE3}.Debug|x86.ActiveCfg = Debug|Any CPU
		{C02F3ED8-1FD2-45D2-B6CD-E5FA889B0DE3}.Debug|x86.Build.0 = Debug|Any CPU
		{C02F3ED8-1FD2-45D2-B6CD-E5FA889B0DE3}.Debug|x86.Deploy.0 = Debug|Any CPU
		{C02F3ED8-1FD2-45D2-B6CD-E5FA889B0DE3}.Release|Any CPU.ActiveCfg = Release|Any CPU
		{C02F3ED8-1FD2-45D2-B6CD-E5FA889B0DE3}.Release|Any CPU.Build.0 = Release|Any CPU
		{C02F3ED8-1FD2-45D2-B6CD-E5FA889B0DE3}.Release|Any CPU.Deploy.0 = Release|Any CPU
		{C02F3ED8-1FD2-45D2-B6CD-E5FA889B0DE3}.Release|ARM.ActiveCfg = Release|Any CPU
		{C02F3ED8-1FD2-45D2-B6CD-E5FA889B0DE3}.Release|ARM.Build.0 = Release|Any CPU
		{C02F3ED8-1FD2-45D2-B6CD-E5FA889B0DE3}.Release|ARM.Deploy.0 = Release|Any CPU
		{C02F3ED8-1FD2-45D2-B6CD-E5FA889B0DE3}.Release|iPhone.ActiveCfg = Release|Any CPU
		{C02F3ED8-1FD2-45D2-B6CD-E5FA889B0DE3}.Release|iPhone.Build.0 = Release|Any CPU
		{C02F3ED8-1FD2-45D2-B6CD-E5FA889B0DE3}.Release|iPhone.Deploy.0 = Release|Any CPU
		{C02F3ED8-1FD2-45D2-B6CD-E5FA889B0DE3}.Release|iPhoneSimulator.ActiveCfg = Release|Any CPU
		{C02F3ED8-1FD2-45D2-B6CD-E5FA889B0DE3}.Release|iPhoneSimulator.Build.0 = Release|Any CPU
		{C02F3ED8-1FD2-45D2-B6CD-E5FA889B0DE3}.Release|iPhoneSimulator.Deploy.0 = Release|Any CPU
		{C02F3ED8-1FD2-45D2-B6CD-E5FA889B0DE3}.Release|x64.ActiveCfg = Release|Any CPU
		{C02F3ED8-1FD2-45D2-B6CD-E5FA889B0DE3}.Release|x64.Build.0 = Release|Any CPU
		{C02F3ED8-1FD2-45D2-B6CD-E5FA889B0DE3}.Release|x64.Deploy.0 = Release|Any CPU
		{C02F3ED8-1FD2-45D2-B6CD-E5FA889B0DE3}.Release|x86.ActiveCfg = Release|Any CPU
		{C02F3ED8-1FD2-45D2-B6CD-E5FA889B0DE3}.Release|x86.Build.0 = Release|Any CPU
		{C02F3ED8-1FD2-45D2-B6CD-E5FA889B0DE3}.Release|x86.Deploy.0 = Release|Any CPU
		{55442F37-F2AE-4FC6-8B13-CD24C21DB8EF}.Ad-Hoc|Any CPU.ActiveCfg = Ad-Hoc|iPhone
		{55442F37-F2AE-4FC6-8B13-CD24C21DB8EF}.Ad-Hoc|Any CPU.Build.0 = Ad-Hoc|iPhone
		{55442F37-F2AE-4FC6-8B13-CD24C21DB8EF}.Ad-Hoc|Any CPU.Deploy.0 = Ad-Hoc|iPhone
		{55442F37-F2AE-4FC6-8B13-CD24C21DB8EF}.Ad-Hoc|ARM.ActiveCfg = Ad-Hoc|iPhone
		{55442F37-F2AE-4FC6-8B13-CD24C21DB8EF}.Ad-Hoc|ARM.Build.0 = Ad-Hoc|iPhone
		{55442F37-F2AE-4FC6-8B13-CD24C21DB8EF}.Ad-Hoc|ARM.Deploy.0 = Ad-Hoc|iPhone
		{55442F37-F2AE-4FC6-8B13-CD24C21DB8EF}.Ad-Hoc|iPhone.ActiveCfg = Ad-Hoc|iPhone
		{55442F37-F2AE-4FC6-8B13-CD24C21DB8EF}.Ad-Hoc|iPhone.Build.0 = Ad-Hoc|iPhone
		{55442F37-F2AE-4FC6-8B13-CD24C21DB8EF}.Ad-Hoc|iPhone.Deploy.0 = Ad-Hoc|iPhone
		{55442F37-F2AE-4FC6-8B13-CD24C21DB8EF}.Ad-Hoc|iPhoneSimulator.ActiveCfg = Ad-Hoc|iPhoneSimulator
		{55442F37-F2AE-4FC6-8B13-CD24C21DB8EF}.Ad-Hoc|iPhoneSimulator.Build.0 = Ad-Hoc|iPhoneSimulator
		{55442F37-F2AE-4FC6-8B13-CD24C21DB8EF}.Ad-Hoc|iPhoneSimulator.Deploy.0 = Ad-Hoc|iPhoneSimulator
		{55442F37-F2AE-4FC6-8B13-CD24C21DB8EF}.Ad-Hoc|x64.ActiveCfg = Ad-Hoc|iPhone
		{55442F37-F2AE-4FC6-8B13-CD24C21DB8EF}.Ad-Hoc|x64.Build.0 = Ad-Hoc|iPhone
		{55442F37-F2AE-4FC6-8B13-CD24C21DB8EF}.Ad-Hoc|x64.Deploy.0 = Ad-Hoc|iPhone
		{55442F37-F2AE-4FC6-8B13-CD24C21DB8EF}.Ad-Hoc|x86.ActiveCfg = Ad-Hoc|iPhone
		{55442F37-F2AE-4FC6-8B13-CD24C21DB8EF}.Ad-Hoc|x86.Build.0 = Ad-Hoc|iPhone
		{55442F37-F2AE-4FC6-8B13-CD24C21DB8EF}.Ad-Hoc|x86.Deploy.0 = Ad-Hoc|iPhone
		{55442F37-F2AE-4FC6-8B13-CD24C21DB8EF}.AppStore|Any CPU.ActiveCfg = AppStore|iPhone
		{55442F37-F2AE-4FC6-8B13-CD24C21DB8EF}.AppStore|Any CPU.Build.0 = AppStore|iPhone
		{55442F37-F2AE-4FC6-8B13-CD24C21DB8EF}.AppStore|Any CPU.Deploy.0 = AppStore|iPhone
		{55442F37-F2AE-4FC6-8B13-CD24C21DB8EF}.AppStore|ARM.ActiveCfg = AppStore|iPhone
		{55442F37-F2AE-4FC6-8B13-CD24C21DB8EF}.AppStore|ARM.Build.0 = AppStore|iPhone
		{55442F37-F2AE-4FC6-8B13-CD24C21DB8EF}.AppStore|ARM.Deploy.0 = AppStore|iPhone
		{55442F37-F2AE-4FC6-8B13-CD24C21DB8EF}.AppStore|iPhone.ActiveCfg = AppStore|iPhone
		{55442F37-F2AE-4FC6-8B13-CD24C21DB8EF}.AppStore|iPhone.Build.0 = AppStore|iPhone
		{55442F37-F2AE-4FC6-8B13-CD24C21DB8EF}.AppStore|iPhone.Deploy.0 = AppStore|iPhone
		{55442F37-F2AE-4FC6-8B13-CD24C21DB8EF}.AppStore|iPhoneSimulator.ActiveCfg = AppStore|iPhoneSimulator
		{55442F37-F2AE-4FC6-8B13-CD24C21DB8EF}.AppStore|iPhoneSimulator.Build.0 = AppStore|iPhoneSimulator
		{55442F37-F2AE-4FC6-8B13-CD24C21DB8EF}.AppStore|iPhoneSimulator.Deploy.0 = AppStore|iPhoneSimulator
		{55442F37-F2AE-4FC6-8B13-CD24C21DB8EF}.AppStore|x64.ActiveCfg = AppStore|iPhone
		{55442F37-F2AE-4FC6-8B13-CD24C21DB8EF}.AppStore|x64.Build.0 = AppStore|iPhone
		{55442F37-F2AE-4FC6-8B13-CD24C21DB8EF}.AppStore|x64.Deploy.0 = AppStore|iPhone
		{55442F37-F2AE-4FC6-8B13-CD24C21DB8EF}.AppStore|x86.ActiveCfg = AppStore|iPhone
		{55442F37-F2AE-4FC6-8B13-CD24C21DB8EF}.AppStore|x86.Build.0 = AppStore|iPhone
		{55442F37-F2AE-4FC6-8B13-CD24C21DB8EF}.AppStore|x86.Deploy.0 = AppStore|iPhone
		{55442F37-F2AE-4FC6-8B13-CD24C21DB8EF}.Debug|Any CPU.ActiveCfg = Debug|iPhoneSimulator
		{55442F37-F2AE-4FC6-8B13-CD24C21DB8EF}.Debug|Any CPU.Build.0 = Debug|iPhoneSimulator
		{55442F37-F2AE-4FC6-8B13-CD24C21DB8EF}.Debug|Any CPU.Deploy.0 = Debug|iPhoneSimulator
		{55442F37-F2AE-4FC6-8B13-CD24C21DB8EF}.Debug|ARM.ActiveCfg = Debug|iPhone
		{55442F37-F2AE-4FC6-8B13-CD24C21DB8EF}.Debug|ARM.Build.0 = Debug|iPhone
		{55442F37-F2AE-4FC6-8B13-CD24C21DB8EF}.Debug|ARM.Deploy.0 = Debug|iPhone
		{55442F37-F2AE-4FC6-8B13-CD24C21DB8EF}.Debug|iPhone.ActiveCfg = Debug|iPhone
		{55442F37-F2AE-4FC6-8B13-CD24C21DB8EF}.Debug|iPhone.Build.0 = Debug|iPhone
		{55442F37-F2AE-4FC6-8B13-CD24C21DB8EF}.Debug|iPhone.Deploy.0 = Debug|iPhone
		{55442F37-F2AE-4FC6-8B13-CD24C21DB8EF}.Debug|iPhoneSimulator.ActiveCfg = Debug|iPhoneSimulator
		{55442F37-F2AE-4FC6-8B13-CD24C21DB8EF}.Debug|iPhoneSimulator.Build.0 = Debug|iPhoneSimulator
		{55442F37-F2AE-4FC6-8B13-CD24C21DB8EF}.Debug|iPhoneSimulator.Deploy.0 = Debug|iPhoneSimulator
		{55442F37-F2AE-4FC6-8B13-CD24C21DB8EF}.Debug|x64.ActiveCfg = Debug|iPhone
		{55442F37-F2AE-4FC6-8B13-CD24C21DB8EF}.Debug|x64.Build.0 = Debug|iPhone
		{55442F37-F2AE-4FC6-8B13-CD24C21DB8EF}.Debug|x64.Deploy.0 = Debug|iPhone
		{55442F37-F2AE-4FC6-8B13-CD24C21DB8EF}.Debug|x86.ActiveCfg = Debug|iPhone
		{55442F37-F2AE-4FC6-8B13-CD24C21DB8EF}.Debug|x86.Build.0 = Debug|iPhone
		{55442F37-F2AE-4FC6-8B13-CD24C21DB8EF}.Debug|x86.Deploy.0 = Debug|iPhone
		{55442F37-F2AE-4FC6-8B13-CD24C21DB8EF}.Release|Any CPU.ActiveCfg = Release|iPhone
		{55442F37-F2AE-4FC6-8B13-CD24C21DB8EF}.Release|Any CPU.Build.0 = Release|iPhone
		{55442F37-F2AE-4FC6-8B13-CD24C21DB8EF}.Release|Any CPU.Deploy.0 = Release|iPhone
		{55442F37-F2AE-4FC6-8B13-CD24C21DB8EF}.Release|ARM.ActiveCfg = Release|iPhone
		{55442F37-F2AE-4FC6-8B13-CD24C21DB8EF}.Release|ARM.Build.0 = Release|iPhone
		{55442F37-F2AE-4FC6-8B13-CD24C21DB8EF}.Release|ARM.Deploy.0 = Release|iPhone
		{55442F37-F2AE-4FC6-8B13-CD24C21DB8EF}.Release|iPhone.ActiveCfg = Release|iPhone
		{55442F37-F2AE-4FC6-8B13-CD24C21DB8EF}.Release|iPhone.Build.0 = Release|iPhone
		{55442F37-F2AE-4FC6-8B13-CD24C21DB8EF}.Release|iPhone.Deploy.0 = Release|iPhone
		{55442F37-F2AE-4FC6-8B13-CD24C21DB8EF}.Release|iPhoneSimulator.ActiveCfg = Release|iPhoneSimulator
		{55442F37-F2AE-4FC6-8B13-CD24C21DB8EF}.Release|iPhoneSimulator.Build.0 = Release|iPhoneSimulator
		{55442F37-F2AE-4FC6-8B13-CD24C21DB8EF}.Release|iPhoneSimulator.Deploy.0 = Release|iPhoneSimulator
		{55442F37-F2AE-4FC6-8B13-CD24C21DB8EF}.Release|x64.ActiveCfg = Release|iPhone
		{55442F37-F2AE-4FC6-8B13-CD24C21DB8EF}.Release|x64.Build.0 = Release|iPhone
		{55442F37-F2AE-4FC6-8B13-CD24C21DB8EF}.Release|x64.Deploy.0 = Release|iPhone
		{55442F37-F2AE-4FC6-8B13-CD24C21DB8EF}.Release|x86.ActiveCfg = Release|iPhone
		{55442F37-F2AE-4FC6-8B13-CD24C21DB8EF}.Release|x86.Build.0 = Release|iPhone
		{55442F37-F2AE-4FC6-8B13-CD24C21DB8EF}.Release|x86.Deploy.0 = Release|iPhone
		{AADD7777-9FB6-40A3-8753-FB46112ACDB8}.Ad-Hoc|Any CPU.ActiveCfg = Release|x86
		{AADD7777-9FB6-40A3-8753-FB46112ACDB8}.Ad-Hoc|Any CPU.Build.0 = Release|x86
		{AADD7777-9FB6-40A3-8753-FB46112ACDB8}.Ad-Hoc|Any CPU.Deploy.0 = Release|x86
		{AADD7777-9FB6-40A3-8753-FB46112ACDB8}.Ad-Hoc|ARM.ActiveCfg = Release|ARM
		{AADD7777-9FB6-40A3-8753-FB46112ACDB8}.Ad-Hoc|ARM.Build.0 = Release|ARM
		{AADD7777-9FB6-40A3-8753-FB46112ACDB8}.Ad-Hoc|ARM.Deploy.0 = Release|ARM
		{AADD7777-9FB6-40A3-8753-FB46112ACDB8}.Ad-Hoc|iPhone.ActiveCfg = Release|x86
		{AADD7777-9FB6-40A3-8753-FB46112ACDB8}.Ad-Hoc|iPhone.Build.0 = Release|x86
		{AADD7777-9FB6-40A3-8753-FB46112ACDB8}.Ad-Hoc|iPhone.Deploy.0 = Release|x86
		{AADD7777-9FB6-40A3-8753-FB46112ACDB8}.Ad-Hoc|iPhoneSimulator.ActiveCfg = Release|x86
		{AADD7777-9FB6-40A3-8753-FB46112ACDB8}.Ad-Hoc|iPhoneSimulator.Build.0 = Release|x86
		{AADD7777-9FB6-40A3-8753-FB46112ACDB8}.Ad-Hoc|iPhoneSimulator.Deploy.0 = Release|x86
		{AADD7777-9FB6-40A3-8753-FB46112ACDB8}.Ad-Hoc|x64.ActiveCfg = Release|x64
		{AADD7777-9FB6-40A3-8753-FB46112ACDB8}.Ad-Hoc|x64.Build.0 = Release|x64
		{AADD7777-9FB6-40A3-8753-FB46112ACDB8}.Ad-Hoc|x64.Deploy.0 = Release|x64
		{AADD7777-9FB6-40A3-8753-FB46112ACDB8}.Ad-Hoc|x86.ActiveCfg = Release|x86
		{AADD7777-9FB6-40A3-8753-FB46112ACDB8}.Ad-Hoc|x86.Build.0 = Release|x86
		{AADD7777-9FB6-40A3-8753-FB46112ACDB8}.Ad-Hoc|x86.Deploy.0 = Release|x86
		{AADD7777-9FB6-40A3-8753-FB46112ACDB8}.AppStore|Any CPU.ActiveCfg = Release|x86
		{AADD7777-9FB6-40A3-8753-FB46112ACDB8}.AppStore|Any CPU.Build.0 = Release|x86
		{AADD7777-9FB6-40A3-8753-FB46112ACDB8}.AppStore|Any CPU.Deploy.0 = Release|x86
		{AADD7777-9FB6-40A3-8753-FB46112ACDB8}.AppStore|ARM.ActiveCfg = Release|ARM
		{AADD7777-9FB6-40A3-8753-FB46112ACDB8}.AppStore|ARM.Build.0 = Release|ARM
		{AADD7777-9FB6-40A3-8753-FB46112ACDB8}.AppStore|ARM.Deploy.0 = Release|ARM
		{AADD7777-9FB6-40A3-8753-FB46112ACDB8}.AppStore|iPhone.ActiveCfg = Release|x86
		{AADD7777-9FB6-40A3-8753-FB46112ACDB8}.AppStore|iPhone.Build.0 = Release|x86
		{AADD7777-9FB6-40A3-8753-FB46112ACDB8}.AppStore|iPhone.Deploy.0 = Release|x86
		{AADD7777-9FB6-40A3-8753-FB46112ACDB8}.AppStore|iPhoneSimulator.ActiveCfg = Release|x86
		{AADD7777-9FB6-40A3-8753-FB46112ACDB8}.AppStore|iPhoneSimulator.Build.0 = Release|x86
		{AADD7777-9FB6-40A3-8753-FB46112ACDB8}.AppStore|iPhoneSimulator.Deploy.0 = Release|x86
		{AADD7777-9FB6-40A3-8753-FB46112ACDB8}.AppStore|x64.ActiveCfg = Release|x64
		{AADD7777-9FB6-40A3-8753-FB46112ACDB8}.AppStore|x64.Build.0 = Release|x64
		{AADD7777-9FB6-40A3-8753-FB46112ACDB8}.AppStore|x64.Deploy.0 = Release|x64
		{AADD7777-9FB6-40A3-8753-FB46112ACDB8}.AppStore|x86.ActiveCfg = Release|x86
		{AADD7777-9FB6-40A3-8753-FB46112ACDB8}.AppStore|x86.Build.0 = Release|x86
		{AADD7777-9FB6-40A3-8753-FB46112ACDB8}.AppStore|x86.Deploy.0 = Release|x86
		{AADD7777-9FB6-40A3-8753-FB46112ACDB8}.Debug|Any CPU.ActiveCfg = Debug|x86
		{AADD7777-9FB6-40A3-8753-FB46112ACDB8}.Debug|Any CPU.Build.0 = Debug|x86
		{AADD7777-9FB6-40A3-8753-FB46112ACDB8}.Debug|Any CPU.Deploy.0 = Debug|x86
		{AADD7777-9FB6-40A3-8753-FB46112ACDB8}.Debug|ARM.ActiveCfg = Debug|ARM
		{AADD7777-9FB6-40A3-8753-FB46112ACDB8}.Debug|ARM.Build.0 = Debug|ARM
		{AADD7777-9FB6-40A3-8753-FB46112ACDB8}.Debug|ARM.Deploy.0 = Debug|ARM
		{AADD7777-9FB6-40A3-8753-FB46112ACDB8}.Debug|iPhone.ActiveCfg = Debug|x86
		{AADD7777-9FB6-40A3-8753-FB46112ACDB8}.Debug|iPhone.Build.0 = Debug|x86
		{AADD7777-9FB6-40A3-8753-FB46112ACDB8}.Debug|iPhone.Deploy.0 = Debug|x86
		{AADD7777-9FB6-40A3-8753-FB46112ACDB8}.Debug|iPhoneSimulator.ActiveCfg = Debug|x86
		{AADD7777-9FB6-40A3-8753-FB46112ACDB8}.Debug|iPhoneSimulator.Build.0 = Debug|x86
		{AADD7777-9FB6-40A3-8753-FB46112ACDB8}.Debug|iPhoneSimulator.Deploy.0 = Debug|x86
		{AADD7777-9FB6-40A3-8753-FB46112ACDB8}.Debug|x64.ActiveCfg = Debug|x64
		{AADD7777-9FB6-40A3-8753-FB46112ACDB8}.Debug|x64.Build.0 = Debug|x64
		{AADD7777-9FB6-40A3-8753-FB46112ACDB8}.Debug|x64.Deploy.0 = Debug|x64
		{AADD7777-9FB6-40A3-8753-FB46112ACDB8}.Debug|x86.ActiveCfg = Debug|x86
		{AADD7777-9FB6-40A3-8753-FB46112ACDB8}.Debug|x86.Build.0 = Debug|x86
		{AADD7777-9FB6-40A3-8753-FB46112ACDB8}.Debug|x86.Deploy.0 = Debug|x86
		{AADD7777-9FB6-40A3-8753-FB46112ACDB8}.Release|Any CPU.ActiveCfg = Release|x86
		{AADD7777-9FB6-40A3-8753-FB46112ACDB8}.Release|Any CPU.Build.0 = Release|x86
		{AADD7777-9FB6-40A3-8753-FB46112ACDB8}.Release|Any CPU.Deploy.0 = Release|x86
		{AADD7777-9FB6-40A3-8753-FB46112ACDB8}.Release|ARM.ActiveCfg = Release|ARM
		{AADD7777-9FB6-40A3-8753-FB46112ACDB8}.Release|ARM.Build.0 = Release|ARM
		{AADD7777-9FB6-40A3-8753-FB46112ACDB8}.Release|ARM.Deploy.0 = Release|ARM
		{AADD7777-9FB6-40A3-8753-FB46112ACDB8}.Release|iPhone.ActiveCfg = Release|x86
		{AADD7777-9FB6-40A3-8753-FB46112ACDB8}.Release|iPhone.Build.0 = Release|x86
		{AADD7777-9FB6-40A3-8753-FB46112ACDB8}.Release|iPhone.Deploy.0 = Release|x86
		{AADD7777-9FB6-40A3-8753-FB46112ACDB8}.Release|iPhoneSimulator.ActiveCfg = Release|x86
		{AADD7777-9FB6-40A3-8753-FB46112ACDB8}.Release|iPhoneSimulator.Build.0 = Release|x86
		{AADD7777-9FB6-40A3-8753-FB46112ACDB8}.Release|iPhoneSimulator.Deploy.0 = Release|x86
		{AADD7777-9FB6-40A3-8753-FB46112ACDB8}.Release|x64.ActiveCfg = Release|x64
		{AADD7777-9FB6-40A3-8753-FB46112ACDB8}.Release|x64.Build.0 = Release|x64
		{AADD7777-9FB6-40A3-8753-FB46112ACDB8}.Release|x64.Deploy.0 = Release|x64
		{AADD7777-9FB6-40A3-8753-FB46112ACDB8}.Release|x86.ActiveCfg = Release|x86
		{AADD7777-9FB6-40A3-8753-FB46112ACDB8}.Release|x86.Build.0 = Release|x86
		{AADD7777-9FB6-40A3-8753-FB46112ACDB8}.Release|x86.Deploy.0 = Release|x86
		{568AD727-338C-4465-9E16-EA5474D42609}.Ad-Hoc|Any CPU.ActiveCfg = Debug|Any CPU
		{568AD727-338C-4465-9E16-EA5474D42609}.Ad-Hoc|Any CPU.Build.0 = Debug|Any CPU
		{568AD727-338C-4465-9E16-EA5474D42609}.Ad-Hoc|Any CPU.Deploy.0 = Debug|Any CPU
		{568AD727-338C-4465-9E16-EA5474D42609}.Ad-Hoc|ARM.ActiveCfg = Debug|Any CPU
		{568AD727-338C-4465-9E16-EA5474D42609}.Ad-Hoc|ARM.Build.0 = Debug|Any CPU
		{568AD727-338C-4465-9E16-EA5474D42609}.Ad-Hoc|ARM.Deploy.0 = Debug|Any CPU
		{568AD727-338C-4465-9E16-EA5474D42609}.Ad-Hoc|iPhone.ActiveCfg = Debug|Any CPU
		{568AD727-338C-4465-9E16-EA5474D42609}.Ad-Hoc|iPhone.Build.0 = Debug|Any CPU
		{568AD727-338C-4465-9E16-EA5474D42609}.Ad-Hoc|iPhone.Deploy.0 = Debug|Any CPU
		{568AD727-338C-4465-9E16-EA5474D42609}.Ad-Hoc|iPhoneSimulator.ActiveCfg = Debug|Any CPU
		{568AD727-338C-4465-9E16-EA5474D42609}.Ad-Hoc|iPhoneSimulator.Build.0 = Debug|Any CPU
		{568AD727-338C-4465-9E16-EA5474D42609}.Ad-Hoc|iPhoneSimulator.Deploy.0 = Debug|Any CPU
		{568AD727-338C-4465-9E16-EA5474D42609}.Ad-Hoc|x64.ActiveCfg = Debug|Any CPU
		{568AD727-338C-4465-9E16-EA5474D42609}.Ad-Hoc|x64.Build.0 = Debug|Any CPU
		{568AD727-338C-4465-9E16-EA5474D42609}.Ad-Hoc|x64.Deploy.0 = Debug|Any CPU
		{568AD727-338C-4465-9E16-EA5474D42609}.Ad-Hoc|x86.ActiveCfg = Debug|Any CPU
		{568AD727-338C-4465-9E16-EA5474D42609}.Ad-Hoc|x86.Build.0 = Debug|Any CPU
		{568AD727-338C-4465-9E16-EA5474D42609}.Ad-Hoc|x86.Deploy.0 = Debug|Any CPU
		{568AD727-338C-4465-9E16-EA5474D42609}.AppStore|Any CPU.ActiveCfg = Debug|Any CPU
		{568AD727-338C-4465-9E16-EA5474D42609}.AppStore|Any CPU.Build.0 = Debug|Any CPU
		{568AD727-338C-4465-9E16-EA5474D42609}.AppStore|Any CPU.Deploy.0 = Debug|Any CPU
		{568AD727-338C-4465-9E16-EA5474D42609}.AppStore|ARM.ActiveCfg = Debug|Any CPU
		{568AD727-338C-4465-9E16-EA5474D42609}.AppStore|ARM.Build.0 = Debug|Any CPU
		{568AD727-338C-4465-9E16-EA5474D42609}.AppStore|ARM.Deploy.0 = Debug|Any CPU
		{568AD727-338C-4465-9E16-EA5474D42609}.AppStore|iPhone.ActiveCfg = Debug|Any CPU
		{568AD727-338C-4465-9E16-EA5474D42609}.AppStore|iPhone.Build.0 = Debug|Any CPU
		{568AD727-338C-4465-9E16-EA5474D42609}.AppStore|iPhone.Deploy.0 = Debug|Any CPU
		{568AD727-338C-4465-9E16-EA5474D42609}.AppStore|iPhoneSimulator.ActiveCfg = Debug|Any CPU
		{568AD727-338C-4465-9E16-EA5474D42609}.AppStore|iPhoneSimulator.Build.0 = Debug|Any CPU
		{568AD727-338C-4465-9E16-EA5474D42609}.AppStore|iPhoneSimulator.Deploy.0 = Debug|Any CPU
		{568AD727-338C-4465-9E16-EA5474D42609}.AppStore|x64.ActiveCfg = Debug|Any CPU
		{568AD727-338C-4465-9E16-EA5474D42609}.AppStore|x64.Build.0 = Debug|Any CPU
		{568AD727-338C-4465-9E16-EA5474D42609}.AppStore|x64.Deploy.0 = Debug|Any CPU
		{568AD727-338C-4465-9E16-EA5474D42609}.AppStore|x86.ActiveCfg = Debug|Any CPU
		{568AD727-338C-4465-9E16-EA5474D42609}.AppStore|x86.Build.0 = Debug|Any CPU
		{568AD727-338C-4465-9E16-EA5474D42609}.AppStore|x86.Deploy.0 = Debug|Any CPU
		{568AD727-338C-4465-9E16-EA5474D42609}.Debug|Any CPU.ActiveCfg = Debug|Any CPU
		{568AD727-338C-4465-9E16-EA5474D42609}.Debug|Any CPU.Build.0 = Debug|Any CPU
		{568AD727-338C-4465-9E16-EA5474D42609}.Debug|Any CPU.Deploy.0 = Debug|Any CPU
		{568AD727-338C-4465-9E16-EA5474D42609}.Debug|ARM.ActiveCfg = Debug|Any CPU
		{568AD727-338C-4465-9E16-EA5474D42609}.Debug|ARM.Build.0 = Debug|Any CPU
		{568AD727-338C-4465-9E16-EA5474D42609}.Debug|ARM.Deploy.0 = Debug|Any CPU
		{568AD727-338C-4465-9E16-EA5474D42609}.Debug|iPhone.ActiveCfg = Debug|Any CPU
		{568AD727-338C-4465-9E16-EA5474D42609}.Debug|iPhone.Build.0 = Debug|Any CPU
		{568AD727-338C-4465-9E16-EA5474D42609}.Debug|iPhone.Deploy.0 = Debug|Any CPU
		{568AD727-338C-4465-9E16-EA5474D42609}.Debug|iPhoneSimulator.ActiveCfg = Debug|Any CPU
		{568AD727-338C-4465-9E16-EA5474D42609}.Debug|iPhoneSimulator.Build.0 = Debug|Any CPU
		{568AD727-338C-4465-9E16-EA5474D42609}.Debug|iPhoneSimulator.Deploy.0 = Debug|Any CPU
		{568AD727-338C-4465-9E16-EA5474D42609}.Debug|x64.ActiveCfg = Debug|Any CPU
		{568AD727-338C-4465-9E16-EA5474D42609}.Debug|x64.Build.0 = Debug|Any CPU
		{568AD727-338C-4465-9E16-EA5474D42609}.Debug|x64.Deploy.0 = Debug|Any CPU
		{568AD727-338C-4465-9E16-EA5474D42609}.Debug|x86.ActiveCfg = Debug|Any CPU
		{568AD727-338C-4465-9E16-EA5474D42609}.Debug|x86.Build.0 = Debug|Any CPU
		{568AD727-338C-4465-9E16-EA5474D42609}.Debug|x86.Deploy.0 = Debug|Any CPU
		{568AD727-338C-4465-9E16-EA5474D42609}.Release|Any CPU.ActiveCfg = Release|Any CPU
		{568AD727-338C-4465-9E16-EA5474D42609}.Release|Any CPU.Build.0 = Release|Any CPU
		{568AD727-338C-4465-9E16-EA5474D42609}.Release|Any CPU.Deploy.0 = Release|Any CPU
		{568AD727-338C-4465-9E16-EA5474D42609}.Release|ARM.ActiveCfg = Release|Any CPU
		{568AD727-338C-4465-9E16-EA5474D42609}.Release|ARM.Build.0 = Release|Any CPU
		{568AD727-338C-4465-9E16-EA5474D42609}.Release|ARM.Deploy.0 = Release|Any CPU
		{568AD727-338C-4465-9E16-EA5474D42609}.Release|iPhone.ActiveCfg = Release|Any CPU
		{568AD727-338C-4465-9E16-EA5474D42609}.Release|iPhone.Build.0 = Release|Any CPU
		{568AD727-338C-4465-9E16-EA5474D42609}.Release|iPhone.Deploy.0 = Release|Any CPU
		{568AD727-338C-4465-9E16-EA5474D42609}.Release|iPhoneSimulator.ActiveCfg = Release|Any CPU
		{568AD727-338C-4465-9E16-EA5474D42609}.Release|iPhoneSimulator.Build.0 = Release|Any CPU
		{568AD727-338C-4465-9E16-EA5474D42609}.Release|iPhoneSimulator.Deploy.0 = Release|Any CPU
		{568AD727-338C-4465-9E16-EA5474D42609}.Release|x64.ActiveCfg = Release|Any CPU
		{568AD727-338C-4465-9E16-EA5474D42609}.Release|x64.Build.0 = Release|Any CPU
		{568AD727-338C-4465-9E16-EA5474D42609}.Release|x64.Deploy.0 = Release|Any CPU
		{568AD727-338C-4465-9E16-EA5474D42609}.Release|x86.ActiveCfg = Release|Any CPU
		{568AD727-338C-4465-9E16-EA5474D42609}.Release|x86.Build.0 = Release|Any CPU
		{568AD727-338C-4465-9E16-EA5474D42609}.Release|x86.Deploy.0 = Release|Any CPU
	EndGlobalSection
	GlobalSection(SolutionProperties) = preSolution
		HideSolutionNode = FALSE
	EndGlobalSection
	GlobalSection(ExtensibilityGlobals) = postSolution
		SolutionGuid = {AA78C781-DA34-4BD7-8B78-C49BAE18F38C}
	EndGlobalSection
EndGlobal
